
Microsoft Visual Studio Solution File, Format Version 12.00
# Visual Studio Version 16
VisualStudioVersion = 16.0.31729.503
MinimumVisualStudioVersion = 10.0.40219.1
Project("{FAE04EC0-301F-11D3-BF4B-00C04F79EFBC}") = "OOP_3.Ders", "OOP_3.Ders\OOP_3.Ders.csproj", "{D1B88112-8BB7-4120-9917-9535B91B8F3F}"
EndProject
Global
	GlobalSection(SolutionConfigurationPlatforms) = preSolution
		Debug|Any CPU = Debug|Any CPU
		Release|Any CPU = Release|Any CPU
	EndGlobalSection
	GlobalSection(ProjectConfigurationPlatforms) = postSolution
		{D1B88112-8BB7-4120-9917-9535B91B8F3F}.Debug|Any CPU.ActiveCfg = Debug|Any CPU
		{D1B88112-8BB7-4120-9917-9535B91B8F3F}.Debug|Any CPU.Build.0 = Debug|Any CPU
		{D1B88112-8BB7-4120-9917-9535B91B8F3F}.Release|Any CPU.ActiveCfg = Release|Any CPU
		{D1B88112-8BB7-4120-9917-9535B91B8F3F}.Release|Any CPU.Build.0 = Release|Any CPU
	EndGlobalSection
	GlobalSection(SolutionProperties) = preSolution
		HideSolutionNode = FALSE
	EndGlobalSection
	GlobalSection(ExtensibilityGlobals) = postSolution
		SolutionGuid = {A3876D3F-E4A3-4BB5-A863-BAE6A4B0C11D}
	EndGlobalSection
EndGlobal
